
Microsoft Visual Studio Solution File, Format Version 12.00
# Visual Studio Version 17
VisualStudioVersion = 17.9.34714.143
MinimumVisualStudioVersion = 10.0.40219.1
Project("{FAE04EC0-301F-11D3-BF4B-00C04F79EFBC}") = "aula_5", "aula_5\aula_5.csproj", "{D81A0708-4504-47CE-8981-590315C42EC2}"
EndProject
Global
	GlobalSection(SolutionConfigurationPlatforms) = preSolution
		Debug|Any CPU = Debug|Any CPU
		Release|Any CPU = Release|Any CPU
	EndGlobalSection
	GlobalSection(ProjectConfigurationPlatforms) = postSolution
		{D81A0708-4504-47CE-8981-590315C42EC2}.Debug|Any CPU.ActiveCfg = Debug|Any CPU
		{D81A0708-4504-47CE-8981-590315C42EC2}.Debug|Any CPU.Build.0 = Debug|Any CPU
		{D81A0708-4504-47CE-8981-590315C42EC2}.Release|Any CPU.ActiveCfg = Release|Any CPU
		{D81A0708-4504-47CE-8981-590315C42EC2}.Release|Any CPU.Build.0 = Release|Any CPU
	EndGlobalSection
	GlobalSection(SolutionProperties) = preSolution
		HideSolutionNode = FALSE
	EndGlobalSection
	GlobalSection(ExtensibilityGlobals) = postSolution
		SolutionGuid = {EBD8A95D-8010-4D19-B08A-926327F4F927}
	EndGlobalSection
EndGlobal
