
Microsoft Visual Studio Solution File, Format Version 12.00
# Visual Studio Version 17
VisualStudioVersion = 17.9.34714.143
MinimumVisualStudioVersion = 10.0.40219.1
Project("{FAE04EC0-301F-11D3-BF4B-00C04F79EFBC}") = "aula_6", "aula_6\aula_6.csproj", "{80F42964-9133-4836-8458-651E709278FF}"
EndProject
Global
	GlobalSection(SolutionConfigurationPlatforms) = preSolution
		Debug|Any CPU = Debug|Any CPU
		Release|Any CPU = Release|Any CPU
	EndGlobalSection
	GlobalSection(ProjectConfigurationPlatforms) = postSolution
		{80F42964-9133-4836-8458-651E709278FF}.Debug|Any CPU.ActiveCfg = Debug|Any CPU
		{80F42964-9133-4836-8458-651E709278FF}.Debug|Any CPU.Build.0 = Debug|Any CPU
		{80F42964-9133-4836-8458-651E709278FF}.Release|Any CPU.ActiveCfg = Release|Any CPU
		{80F42964-9133-4836-8458-651E709278FF}.Release|Any CPU.Build.0 = Release|Any CPU
	EndGlobalSection
	GlobalSection(SolutionProperties) = preSolution
		HideSolutionNode = FALSE
	EndGlobalSection
	GlobalSection(ExtensibilityGlobals) = postSolution
		SolutionGuid = {0BB8968D-C82A-4404-971D-F5E9FF8367D6}
	EndGlobalSection
EndGlobal
