
Microsoft Visual Studio Solution File, Format Version 12.00
# Visual Studio Version 17
VisualStudioVersion = 17.9.34714.143
MinimumVisualStudioVersion = 10.0.40219.1
Project("{FAE04EC0-301F-11D3-BF4B-00C04F79EFBC}") = "aula_8", "aula_8\aula_8.csproj", "{851219CB-71EE-4F2A-92A2-17F458D057DE}"
EndProject
Global
	GlobalSection(SolutionConfigurationPlatforms) = preSolution
		Debug|Any CPU = Debug|Any CPU
		Release|Any CPU = Release|Any CPU
	EndGlobalSection
	GlobalSection(ProjectConfigurationPlatforms) = postSolution
		{851219CB-71EE-4F2A-92A2-17F458D057DE}.Debug|Any CPU.ActiveCfg = Debug|Any CPU
		{851219CB-71EE-4F2A-92A2-17F458D057DE}.Debug|Any CPU.Build.0 = Debug|Any CPU
		{851219CB-71EE-4F2A-92A2-17F458D057DE}.Release|Any CPU.ActiveCfg = Release|Any CPU
		{851219CB-71EE-4F2A-92A2-17F458D057DE}.Release|Any CPU.Build.0 = Release|Any CPU
	EndGlobalSection
	GlobalSection(SolutionProperties) = preSolution
		HideSolutionNode = FALSE
	EndGlobalSection
	GlobalSection(ExtensibilityGlobals) = postSolution
		SolutionGuid = {4036435F-F578-4D3F-AFB8-41D8EBDEF538}
	EndGlobalSection
EndGlobal
